
Microsoft Visual Studio Solution File, Format Version 12.00
# Visual Studio Version 17
VisualStudioVersion = 17.7.34202.233
MinimumVisualStudioVersion = 10.0.40219.1
Project("{FAE04EC0-301F-11D3-BF4B-00C04F79EFBC}") = "Practica_LSP", "Practica_LSP\Practica_LSP.csproj", "{05CD4C86-C941-48FC-8FE6-3476051F15C0}"
EndProject
Global
	GlobalSection(SolutionConfigurationPlatforms) = preSolution
		Debug|Any CPU = Debug|Any CPU
		Release|Any CPU = Release|Any CPU
	EndGlobalSection
	GlobalSection(ProjectConfigurationPlatforms) = postSolution
		{05CD4C86-C941-48FC-8FE6-3476051F15C0}.Debug|Any CPU.ActiveCfg = Debug|Any CPU
		{05CD4C86-C941-48FC-8FE6-3476051F15C0}.Debug|Any CPU.Build.0 = Debug|Any CPU
		{05CD4C86-C941-48FC-8FE6-3476051F15C0}.Release|Any CPU.ActiveCfg = Release|Any CPU
		{05CD4C86-C941-48FC-8FE6-3476051F15C0}.Release|Any CPU.Build.0 = Release|Any CPU
	EndGlobalSection
	GlobalSection(SolutionProperties) = preSolution
		HideSolutionNode = FALSE
	EndGlobalSection
	GlobalSection(ExtensibilityGlobals) = postSolution
		SolutionGuid = {A8A71626-E542-40EC-BB7A-0425F5C2D7F8}
	EndGlobalSection
EndGlobal
